{
  "pins" : [
    {
      "identity" : "chartview",
      "kind" : "remoteSourceControl",
      "location" : "https://github.com/AppPear/ChartView",
      "state" : {
        "revision" : "b48b7016576c89de69958ab14db9789114e6663d",
        "version" : "2.0.0-beta.3"
      }
    }
  ],
  "version" : 2
}
