// !$*UTF8*$!
{
	archiveVersion = 1;
	classes = {
	};
	objectVersion = 56;
	objects = {

/* Begin PBXBuildFile section */
		39069DD42BD16E1B0037D542 /* SwiftUICharts in Frameworks */ = {isa = PBXBuildFile; productRef = 39069DD32BD16E1B0037D542 /* SwiftUICharts */; };
		392E45392BD0E966007ED0DB /* Recent_links.swift in Sources */ = {isa = PBXBuildFile; fileRef = 392E45342BD0E966007ED0DB /* Recent_links.swift */; };
		392E453A2BD0E966007ED0DB /* Top_links.swift in Sources */ = {isa = PBXBuildFile; fileRef = 392E45352BD0E966007ED0DB /* Top_links.swift */; };
		392E453B2BD0E966007ED0DB /* Data.swift in Sources */ = {isa = PBXBuildFile; fileRef = 392E45362BD0E966007ED0DB /* Data.swift */; };
		392E453C2BD0E966007ED0DB /* Json4Swift_Base.swift in Sources */ = {isa = PBXBuildFile; fileRef = 392E45372BD0E966007ED0DB /* Json4Swift_Base.swift */; };
		392E453D2BD0E966007ED0DB /* Overall_url_chart.swift in Sources */ = {isa = PBXBuildFile; fileRef = 392E45382BD0E966007ED0DB /* Overall_url_chart.swift */; };
		392E45482BD0FDB4007ED0DB /* DashboardPreviewView.swift in Sources */ = {isa = PBXBuildFile; fileRef = 392E45472BD0FDB4007ED0DB /* DashboardPreviewView.swift */; };
		392E454A2BD0FE5E007ED0DB /* NavBarView.swift in Sources */ = {isa = PBXBuildFile; fileRef = 392E45492BD0FE5E007ED0DB /* NavBarView.swift */; };
		392E454C2BD10096007ED0DB /* TopData.swift in Sources */ = {isa = PBXBuildFile; fileRef = 392E454B2BD10096007ED0DB /* TopData.swift */; };
		392E454E2BD12139007ED0DB /* LinkView.swift in Sources */ = {isa = PBXBuildFile; fileRef = 392E454D2BD12139007ED0DB /* LinkView.swift */; };
		392E45502BD14603007ED0DB /* TaskBarView.swift in Sources */ = {isa = PBXBuildFile; fileRef = 392E454F2BD14603007ED0DB /* TaskBarView.swift */; };
		39B7A1462BD03D9A00356E9C /* Assets.xcassets in Resources */ = {isa = PBXBuildFile; fileRef = 39B7A1452BD03D9A00356E9C /* Assets.xcassets */; };
		39B7A1492BD03D9A00356E9C /* Preview Assets.xcassets in Resources */ = {isa = PBXBuildFile; fileRef = 39B7A1482BD03D9A00356E9C /* Preview Assets.xcassets */; };
		39B7A1542BD042AA00356E9C /* Openin_AppApp.swift in Sources */ = {isa = PBXBuildFile; fileRef = 39B7A1412BD03D9800356E9C /* Openin_AppApp.swift */; };
		39B7A1562BD042B100356E9C /* ContentView.swift in Sources */ = {isa = PBXBuildFile; fileRef = 39B7A1432BD03D9800356E9C /* ContentView.swift */; };
		39B7A1582BD0435100356E9C /* Extensions.swift in Sources */ = {isa = PBXBuildFile; fileRef = 39B7A1572BD0435100356E9C /* Extensions.swift */; };
		39BB8ED82BD0CFBB00A3A726 /* DashboardViewModel.swift in Sources */ = {isa = PBXBuildFile; fileRef = 39BB8ED72BD0CFBB00A3A726 /* DashboardViewModel.swift */; };
		39BB8EDA2BD0DE4500A3A726 /* .env in Resources */ = {isa = PBXBuildFile; fileRef = 39BB8ED92BD0DE4500A3A726 /* .env */; };
		39BB8EDC2BD0DED600A3A726 /* EnvLoader.swift in Sources */ = {isa = PBXBuildFile; fileRef = 39BB8EDB2BD0DED600A3A726 /* EnvLoader.swift */; };
/* End PBXBuildFile section */

/* Begin PBXFileReference section */
		392E45342BD0E966007ED0DB /* Recent_links.swift */ = {isa = PBXFileReference; fileEncoding = 4; lastKnownFileType = sourcecode.swift; path = Recent_links.swift; sourceTree = "<group>"; };
		392E45352BD0E966007ED0DB /* Top_links.swift */ = {isa = PBXFileReference; fileEncoding = 4; lastKnownFileType = sourcecode.swift; path = Top_links.swift; sourceTree = "<group>"; };
		392E45362BD0E966007ED0DB /* Data.swift */ = {isa = PBXFileReference; fileEncoding = 4; lastKnownFileType = sourcecode.swift; path = Data.swift; sourceTree = "<group>"; };
		392E45372BD0E966007ED0DB /* Json4Swift_Base.swift */ = {isa = PBXFileReference; fileEncoding = 4; lastKnownFileType = sourcecode.swift; path = Json4Swift_Base.swift; sourceTree = "<group>"; };
		392E45382BD0E966007ED0DB /* Overall_url_chart.swift */ = {isa = PBXFileReference; fileEncoding = 4; lastKnownFileType = sourcecode.swift; path = Overall_url_chart.swift; sourceTree = "<group>"; };
		392E45472BD0FDB4007ED0DB /* DashboardPreviewView.swift */ = {isa = PBXFileReference; fileEncoding = 4; lastKnownFileType = sourcecode.swift; path = DashboardPreviewView.swift; sourceTree = "<group>"; };
		392E45492BD0FE5E007ED0DB /* NavBarView.swift */ = {isa = PBXFileReference; lastKnownFileType = sourcecode.swift; path = NavBarView.swift; sourceTree = "<group>"; };
		392E454B2BD10096007ED0DB /* TopData.swift */ = {isa = PBXFileReference; lastKnownFileType = sourcecode.swift; path = TopData.swift; sourceTree = "<group>"; };
		392E454D2BD12139007ED0DB /* LinkView.swift */ = {isa = PBXFileReference; lastKnownFileType = sourcecode.swift; path = LinkView.swift; sourceTree = "<group>"; };
		392E454F2BD14603007ED0DB /* TaskBarView.swift */ = {isa = PBXFileReference; lastKnownFileType = sourcecode.swift; path = TaskBarView.swift; sourceTree = "<group>"; };
		39B7A13E2BD03D9800356E9C /* Openin_App.app */ = {isa = PBXFileReference; explicitFileType = wrapper.application; includeInIndex = 0; path = Openin_App.app; sourceTree = BUILT_PRODUCTS_DIR; };
		39B7A1412BD03D9800356E9C /* Openin_AppApp.swift */ = {isa = PBXFileReference; lastKnownFileType = sourcecode.swift; path = Openin_AppApp.swift; sourceTree = "<group>"; };
		39B7A1432BD03D9800356E9C /* ContentView.swift */ = {isa = PBXFileReference; lastKnownFileType = sourcecode.swift; path = ContentView.swift; sourceTree = "<group>"; };
		39B7A1452BD03D9A00356E9C /* Assets.xcassets */ = {isa = PBXFileReference; lastKnownFileType = folder.assetcatalog; path = Assets.xcassets; sourceTree = "<group>"; };
		39B7A1482BD03D9A00356E9C /* Preview Assets.xcassets */ = {isa = PBXFileReference; lastKnownFileType = folder.assetcatalog; path = "Preview Assets.xcassets"; sourceTree = "<group>"; };
		39B7A1572BD0435100356E9C /* Extensions.swift */ = {isa = PBXFileReference; lastKnownFileType = sourcecode.swift; path = Extensions.swift; sourceTree = "<group>"; };
		39BB8ED72BD0CFBB00A3A726 /* DashboardViewModel.swift */ = {isa = PBXFileReference; lastKnownFileType = sourcecode.swift; path = DashboardViewModel.swift; sourceTree = "<group>"; };
		39BB8ED92BD0DE4500A3A726 /* .env */ = {isa = PBXFileReference; lastKnownFileType = text; path = .env; sourceTree = "<group>"; };
		39BB8EDB2BD0DED600A3A726 /* EnvLoader.swift */ = {isa = PBXFileReference; lastKnownFileType = sourcecode.swift; path = EnvLoader.swift; sourceTree = "<group>"; };
/* End PBXFileReference section */

/* Begin PBXFrameworksBuildPhase section */
		39B7A13B2BD03D9800356E9C /* Frameworks */ = {
			isa = PBXFrameworksBuildPhase;
			buildActionMask = 2147483647;
			files = (
				39069DD42BD16E1B0037D542 /* SwiftUICharts in Frameworks */,
			);
			runOnlyForDeploymentPostprocessing = 0;
		};
/* End PBXFrameworksBuildPhase section */

/* Begin PBXGroup section */
		39B7A1352BD03D9800356E9C = {
			isa = PBXGroup;
			children = (
				39B7A1402BD03D9800356E9C /* Openin_App */,
				39B7A13F2BD03D9800356E9C /* Products */,
			);
			sourceTree = "<group>";
		};
		39B7A13F2BD03D9800356E9C /* Products */ = {
			isa = PBXGroup;
			children = (
				39B7A13E2BD03D9800356E9C /* Openin_App.app */,
			);
			name = Products;
			sourceTree = "<group>";
		};
		39B7A1402BD03D9800356E9C /* Openin_App */ = {
			isa = PBXGroup;
			children = (
				392E454D2BD12139007ED0DB /* LinkView.swift */,
				392E45492BD0FE5E007ED0DB /* NavBarView.swift */,
				39B7A1412BD03D9800356E9C /* Openin_AppApp.swift */,
				392E45362BD0E966007ED0DB /* Data.swift */,
				392E45372BD0E966007ED0DB /* Json4Swift_Base.swift */,
				392E45382BD0E966007ED0DB /* Overall_url_chart.swift */,
				392E45342BD0E966007ED0DB /* Recent_links.swift */,
				392E45352BD0E966007ED0DB /* Top_links.swift */,
				39B7A1432BD03D9800356E9C /* ContentView.swift */,
				392E454B2BD10096007ED0DB /* TopData.swift */,
				39B7A1572BD0435100356E9C /* Extensions.swift */,
				39BB8ED72BD0CFBB00A3A726 /* DashboardViewModel.swift */,
				39BB8EDB2BD0DED600A3A726 /* EnvLoader.swift */,
				392E45472BD0FDB4007ED0DB /* DashboardPreviewView.swift */,
				392E454F2BD14603007ED0DB /* TaskBarView.swift */,
				39B7A1472BD03D9A00356E9C /* Preview Content */,
			);
			path = Openin_App;
			sourceTree = "<group>";
		};
		39B7A1472BD03D9A00356E9C /* Preview Content */ = {
			isa = PBXGroup;
			children = (
				39B7A1452BD03D9A00356E9C /* Assets.xcassets */,
				39BB8ED92BD0DE4500A3A726 /* .env */,
				39B7A1482BD03D9A00356E9C /* Preview Assets.xcassets */,
			);
			path = "Preview Content";
			sourceTree = "<group>";
		};
/* End PBXGroup section */

/* Begin PBXNativeTarget section */
		39B7A13D2BD03D9800356E9C /* Openin_App */ = {
			isa = PBXNativeTarget;
			buildConfigurationList = 39B7A14C2BD03D9A00356E9C /* Build configuration list for PBXNativeTarget "Openin_App" */;
			buildPhases = (
				39B7A13B2BD03D9800356E9C /* Frameworks */,
				39B7A13C2BD03D9800356E9C /* Resources */,
				39B7A1532BD042A100356E9C /* Sources */,
			);
			buildRules = (
			);
			dependencies = (
			);
			name = Openin_App;
			packageProductDependencies = (
				39069DD32BD16E1B0037D542 /* SwiftUICharts */,
			);
			productName = Openin_App;
			productReference = 39B7A13E2BD03D9800356E9C /* Openin_App.app */;
			productType = "com.apple.product-type.application";
		};
/* End PBXNativeTarget section */

/* Begin PBXProject section */
		39B7A1362BD03D9800356E9C /* Project object */ = {
			isa = PBXProject;
			attributes = {
				BuildIndependentTargetsInParallel = 1;
				LastSwiftUpdateCheck = 1520;
				LastUpgradeCheck = 1520;
				TargetAttributes = {
					39B7A13D2BD03D9800356E9C = {
						CreatedOnToolsVersion = 15.2;
						LastSwiftMigration = 1520;
					};
				};
			};
			buildConfigurationList = 39B7A1392BD03D9800356E9C /* Build configuration list for PBXProject "Openin_App" */;
			compatibilityVersion = "Xcode 14.0";
			developmentRegion = en;
			hasScannedForEncodings = 0;
			knownRegions = (
				en,
				Base,
			);
			mainGroup = 39B7A1352BD03D9800356E9C;
			packageReferences = (
				39069DD22BD16E1B0037D542 /* XCRemoteSwiftPackageReference "ChartView" */,
			);
			productRefGroup = 39B7A13F2BD03D9800356E9C /* Products */;
			projectDirPath = "";
			projectRoot = "";
			targets = (
				39B7A13D2BD03D9800356E9C /* Openin_App */,
			);
		};
/* End PBXProject section */

/* Begin PBXResourcesBuildPhase section */
		39B7A13C2BD03D9800356E9C /* Resources */ = {
			isa = PBXResourcesBuildPhase;
			buildActionMask = 2147483647;
			files = (
				39BB8EDA2BD0DE4500A3A726 /* .env in Resources */,
				39B7A1492BD03D9A00356E9C /* Preview Assets.xcassets in Resources */,
				39B7A1462BD03D9A00356E9C /* Assets.xcassets in Resources */,
			);
			runOnlyForDeploymentPostprocessing = 0;
		};
/* End PBXResourcesBuildPhase section */

/* Begin PBXSourcesBuildPhase section */
		39B7A1532BD042A100356E9C /* Sources */ = {
			isa = PBXSourcesBuildPhase;
			buildActionMask = 2147483647;
			files = (
				39B7A1562BD042B100356E9C /* ContentView.swift in Sources */,
				39BB8ED82BD0CFBB00A3A726 /* DashboardViewModel.swift in Sources */,
				392E45392BD0E966007ED0DB /* Recent_links.swift in Sources */,
				392E454C2BD10096007ED0DB /* TopData.swift in Sources */,
				392E453C2BD0E966007ED0DB /* Json4Swift_Base.swift in Sources */,
				39B7A1582BD0435100356E9C /* Extensions.swift in Sources */,
				392E453A2BD0E966007ED0DB /* Top_links.swift in Sources */,
				39BB8EDC2BD0DED600A3A726 /* EnvLoader.swift in Sources */,
				392E453B2BD0E966007ED0DB /* Data.swift in Sources */,
				392E454A2BD0FE5E007ED0DB /* NavBarView.swift in Sources */,
				39B7A1542BD042AA00356E9C /* Openin_AppApp.swift in Sources */,
				392E45482BD0FDB4007ED0DB /* DashboardPreviewView.swift in Sources */,
				392E454E2BD12139007ED0DB /* LinkView.swift in Sources */,
				392E453D2BD0E966007ED0DB /* Overall_url_chart.swift in Sources */,
				392E45502BD14603007ED0DB /* TaskBarView.swift in Sources */,
			);
			runOnlyForDeploymentPostprocessing = 0;
		};
/* End PBXSourcesBuildPhase section */

/* Begin XCBuildConfiguration section */
		39B7A14A2BD03D9A00356E9C /* Debug */ = {
			isa = XCBuildConfiguration;
			buildSettings = {
				ALWAYS_SEARCH_USER_PATHS = NO;
				ASSETCATALOG_COMPILER_GENERATE_SWIFT_ASSET_SYMBOL_EXTENSIONS = YES;
				CLANG_ANALYZER_NONNULL = YES;
				CLANG_ANALYZER_NUMBER_OBJECT_CONVERSION = YES_AGGRESSIVE;
				CLANG_CXX_LANGUAGE_STANDARD = "gnu++20";
				CLANG_ENABLE_MODULES = YES;
				CLANG_ENABLE_OBJC_ARC = YES;
				CLANG_ENABLE_OBJC_WEAK = YES;
				CLANG_WARN_BLOCK_CAPTURE_AUTORELEASING = YES;
				CLANG_WARN_BOOL_CONVERSION = YES;
				CLANG_WARN_COMMA = YES;
				CLANG_WARN_CONSTANT_CONVERSION = YES;
				CLANG_WARN_DEPRECATED_OBJC_IMPLEMENTATIONS = YES;
				CLANG_WARN_DIRECT_OBJC_ISA_USAGE = YES_ERROR;
				CLANG_WARN_DOCUMENTATION_COMMENTS = YES;
				CLANG_WARN_EMPTY_BODY = YES;
				CLANG_WARN_ENUM_CONVERSION = YES;
				CLANG_WARN_INFINITE_RECURSION = YES;
				CLANG_WARN_INT_CONVERSION = YES;
				CLANG_WARN_NON_LITERAL_NULL_CONVERSION = YES;
				CLANG_WARN_OBJC_IMPLICIT_RETAIN_SELF = YES;
				CLANG_WARN_OBJC_LITERAL_CONVERSION = YES;
				CLANG_WARN_OBJC_ROOT_CLASS = YES_ERROR;
				CLANG_WARN_QUOTED_INCLUDE_IN_FRAMEWORK_HEADER = YES;
				CLANG_WARN_RANGE_LOOP_ANALYSIS = YES;
				CLANG_WARN_STRICT_PROTOTYPES = YES;
				CLANG_WARN_SUSPICIOUS_MOVE = YES;
				CLANG_WARN_UNGUARDED_AVAILABILITY = YES_AGGRESSIVE;
				CLANG_WARN_UNREACHABLE_CODE = YES;
				CLANG_WARN__DUPLICATE_METHOD_MATCH = YES;
				COPY_PHASE_STRIP = NO;
				DEBUG_INFORMATION_FORMAT = dwarf;
				ENABLE_STRICT_OBJC_MSGSEND = YES;
				ENABLE_TESTABILITY = YES;
				ENABLE_USER_SCRIPT_SANDBOXING = YES;
				GCC_C_LANGUAGE_STANDARD = gnu17;
				GCC_DYNAMIC_NO_PIC = NO;
				GCC_NO_COMMON_BLOCKS = YES;
				GCC_OPTIMIZATION_LEVEL = 0;
				GCC_PREPROCESSOR_DEFINITIONS = (
					"DEBUG=1",
					"$(inherited)",
				);
				GCC_WARN_64_TO_32_BIT_CONVERSION = YES;
				GCC_WARN_ABOUT_RETURN_TYPE = YES_ERROR;
				GCC_WARN_UNDECLARED_SELECTOR = YES;
				GCC_WARN_UNINITIALIZED_AUTOS = YES_AGGRESSIVE;
				GCC_WARN_UNUSED_FUNCTION = YES;
				GCC_WARN_UNUSED_VARIABLE = YES;
				IPHONEOS_DEPLOYMENT_TARGET = 17.2;
				LOCALIZATION_PREFERS_STRING_CATALOGS = YES;
				MTL_ENABLE_DEBUG_INFO = INCLUDE_SOURCE;
				MTL_FAST_MATH = YES;
				ONLY_ACTIVE_ARCH = YES;
				SDKROOT = iphoneos;
				SWIFT_ACTIVE_COMPILATION_CONDITIONS = "DEBUG $(inherited)";
				SWIFT_OPTIMIZATION_LEVEL = "-Onone";
			};
			name = Debug;
		};
		39B7A14B2BD03D9A00356E9C /* Release */ = {
			isa = XCBuildConfiguration;
			buildSettings = {
				ALWAYS_SEARCH_USER_PATHS = NO;
				ASSETCATALOG_COMPILER_GENERATE_SWIFT_ASSET_SYMBOL_EXTENSIONS = YES;
				CLANG_ANALYZER_NONNULL = YES;
				CLANG_ANALYZER_NUMBER_OBJECT_CONVERSION = YES_AGGRESSIVE;
				CLANG_CXX_LANGUAGE_STANDARD = "gnu++20";
				CLANG_ENABLE_MODULES = YES;
				CLANG_ENABLE_OBJC_ARC = YES;
				CLANG_ENABLE_OBJC_WEAK = YES;
				CLANG_WARN_BLOCK_CAPTURE_AUTORELEASING = YES;
				CLANG_WARN_BOOL_CONVERSION = YES;
				CLANG_WARN_COMMA = YES;
				CLANG_WARN_CONSTANT_CONVERSION = YES;
				CLANG_WARN_DEPRECATED_OBJC_IMPLEMENTATIONS = YES;
				CLANG_WARN_DIRECT_OBJC_ISA_USAGE = YES_ERROR;
				CLANG_WARN_DOCUMENTATION_COMMENTS = YES;
				CLANG_WARN_EMPTY_BODY = YES;
				CLANG_WARN_ENUM_CONVERSION = YES;
				CLANG_WARN_INFINITE_RECURSION = YES;
				CLANG_WARN_INT_CONVERSION = YES;
				CLANG_WARN_NON_LITERAL_NULL_CONVERSION = YES;
				CLANG_WARN_OBJC_IMPLICIT_RETAIN_SELF = YES;
				CLANG_WARN_OBJC_LITERAL_CONVERSION = YES;
				CLANG_WARN_OBJC_ROOT_CLASS = YES_ERROR;
				CLANG_WARN_QUOTED_INCLUDE_IN_FRAMEWORK_HEADER = YES;
				CLANG_WARN_RANGE_LOOP_ANALYSIS = YES;
				CLANG_WARN_STRICT_PROTOTYPES = YES;
				CLANG_WARN_SUSPICIOUS_MOVE = YES;
				CLANG_WARN_UNGUARDED_AVAILABILITY = YES_AGGRESSIVE;
				CLANG_WARN_UNREACHABLE_CODE = YES;
				CLANG_WARN__DUPLICATE_METHOD_MATCH = YES;
				COPY_PHASE_STRIP = NO;
				DEBUG_INFORMATION_FORMAT = "dwarf-with-dsym";
				ENABLE_NS_ASSERTIONS = NO;
				ENABLE_STRICT_OBJC_MSGSEND = YES;
				ENABLE_USER_SCRIPT_SANDBOXING = YES;
				GCC_C_LANGUAGE_STANDARD = gnu17;
				GCC_NO_COMMON_BLOCKS = YES;
				GCC_WARN_64_TO_32_BIT_CONVERSION = YES;
				GCC_WARN_ABOUT_RETURN_TYPE = YES_ERROR;
				GCC_WARN_UNDECLARED_SELECTOR = YES;
				GCC_WARN_UNINITIALIZED_AUTOS = YES_AGGRESSIVE;
				GCC_WARN_UNUSED_FUNCTION = YES;
				GCC_WARN_UNUSED_VARIABLE = YES;
				IPHONEOS_DEPLOYMENT_TARGET = 17.2;
				LOCALIZATION_PREFERS_STRING_CATALOGS = YES;
				MTL_ENABLE_DEBUG_INFO = NO;
				MTL_FAST_MATH = YES;
				SDKROOT = iphoneos;
				SWIFT_COMPILATION_MODE = wholemodule;
				VALIDATE_PRODUCT = YES;
			};
			name = Release;
		};
		39B7A14D2BD03D9A00356E9C /* Debug */ = {
			isa = XCBuildConfiguration;
			buildSettings = {
				ASSETCATALOG_COMPILER_APPICON_NAME = AppIcon;
				ASSETCATALOG_COMPILER_GLOBAL_ACCENT_COLOR_NAME = AccentColor;
				CLANG_ENABLE_MODULES = YES;
				CODE_SIGN_STYLE = Automatic;
				CURRENT_PROJECT_VERSION = 1;
				DEVELOPMENT_ASSET_PATHS = "\"Openin_App/Preview Content\"";
				ENABLE_PREVIEWS = YES;
				GENERATE_INFOPLIST_FILE = YES;
				INFOPLIST_KEY_UIApplicationSceneManifest_Generation = YES;
				INFOPLIST_KEY_UIApplicationSupportsIndirectInputEvents = YES;
				INFOPLIST_KEY_UILaunchScreen_Generation = YES;
				INFOPLIST_KEY_UISupportedInterfaceOrientations_iPad = "UIInterfaceOrientationPortrait UIInterfaceOrientationPortraitUpsideDown UIInterfaceOrientationLandscapeLeft UIInterfaceOrientationLandscapeRight";
				INFOPLIST_KEY_UISupportedInterfaceOrientations_iPhone = "UIInterfaceOrientationPortrait UIInterfaceOrientationLandscapeLeft UIInterfaceOrientationLandscapeRight";
				LD_RUNPATH_SEARCH_PATHS = (
					"$(inherited)",
					"@executable_path/Frameworks",
				);
				MARKETING_VERSION = 1.0;
				PRODUCT_BUNDLE_IDENTIFIER = "www.example.Openin-App";
				PRODUCT_NAME = "$(TARGET_NAME)";
				SWIFT_EMIT_LOC_STRINGS = YES;
				SWIFT_OBJC_BRIDGING_HEADER = "Openin_App/Openin_App-Bridging-Header.h";
				SWIFT_OPTIMIZATION_LEVEL = "-Onone";
				SWIFT_VERSION = 5.0;
				TARGETED_DEVICE_FAMILY = "1,2";
			};
			name = Debug;
		};
		39B7A14E2BD03D9A00356E9C /* Release */ = {
			isa = XCBuildConfiguration;
			buildSettings = {
				ASSETCATALOG_COMPILER_APPICON_NAME = AppIcon;
				ASSETCATALOG_COMPILER_GLOBAL_ACCENT_COLOR_NAME = AccentColor;
				CLANG_ENABLE_MODULES = YES;
				CODE_SIGN_STYLE = Automatic;
				CURRENT_PROJECT_VERSION = 1;
				DEVELOPMENT_ASSET_PATHS = "\"Openin_App/Preview Content\"";
				ENABLE_PREVIEWS = YES;
				GENERATE_INFOPLIST_FILE = YES;
				INFOPLIST_KEY_UIApplicationSceneManifest_Generation = YES;
				INFOPLIST_KEY_UIApplicationSupportsIndirectInputEvents = YES;
				INFOPLIST_KEY_UILaunchScreen_Generation = YES;
				INFOPLIST_KEY_UISupportedInterfaceOrientations_iPad = "UIInterfaceOrientationPortrait UIInterfaceOrientationPortraitUpsideDown UIInterfaceOrientationLandscapeLeft UIInterfaceOrientationLandscapeRight";
				INFOPLIST_KEY_UISupportedInterfaceOrientations_iPhone = "UIInterfaceOrientationPortrait UIInterfaceOrientationLandscapeLeft UIInterfaceOrientationLandscapeRight";
				LD_RUNPATH_SEARCH_PATHS = (
					"$(inherited)",
					"@executable_path/Frameworks",
				);
				MARKETING_VERSION = 1.0;
				PRODUCT_BUNDLE_IDENTIFIER = "www.example.Openin-App";
				PRODUCT_NAME = "$(TARGET_NAME)";
				SWIFT_EMIT_LOC_STRINGS = YES;
				SWIFT_OBJC_BRIDGING_HEADER = "Openin_App/Openin_App-Bridging-Header.h";
				SWIFT_VERSION = 5.0;
				TARGETED_DEVICE_FAMILY = "1,2";
			};
			name = Release;
		};
/* End XCBuildConfiguration section */

/* Begin XCConfigurationList section */
		39B7A1392BD03D9800356E9C /* Build configuration list for PBXProject "Openin_App" */ = {
			isa = XCConfigurationList;
			buildConfigurations = (
				39B7A14A2BD03D9A00356E9C /* Debug */,
				39B7A14B2BD03D9A00356E9C /* Release */,
			);
			defaultConfigurationIsVisible = 0;
			defaultConfigurationName = Release;
		};
		39B7A14C2BD03D9A00356E9C /* Build configuration list for PBXNativeTarget "Openin_App" */ = {
			isa = XCConfigurationList;
			buildConfigurations = (
				39B7A14D2BD03D9A00356E9C /* Debug */,
				39B7A14E2BD03D9A00356E9C /* Release */,
			);
			defaultConfigurationIsVisible = 0;
			defaultConfigurationName = Release;
		};
/* End XCConfigurationList section */

/* Begin XCRemoteSwiftPackageReference section */
		39069DD22BD16E1B0037D542 /* XCRemoteSwiftPackageReference "ChartView" */ = {
			isa = XCRemoteSwiftPackageReference;
			repositoryURL = "https://github.com/AppPear/ChartView";
			requirement = {
				kind = exactVersion;
				version = "2.0.0-beta.3";
			};
		};
/* End XCRemoteSwiftPackageReference section */

/* Begin XCSwiftPackageProductDependency section */
		39069DD32BD16E1B0037D542 /* SwiftUICharts */ = {
			isa = XCSwiftPackageProductDependency;
			package = 39069DD22BD16E1B0037D542 /* XCRemoteSwiftPackageReference "ChartView" */;
			productName = SwiftUICharts;
		};
/* End XCSwiftPackageProductDependency section */
	};
	rootObject = 39B7A1362BD03D9800356E9C /* Project object */;
}
